
Microsoft Visual Studio Solution File, Format Version 12.00
# Visual Studio Version 17
VisualStudioVersion = 17.0.32126.317
MinimumVisualStudioVersion = 10.0.40219.1
Project("{FAE04EC0-301F-11D3-BF4B-00C04F79EFBC}") = "Library Management System", "Library Management System.csproj", "{FD4B7176-F87F-4512-BEF8-9806C5292722}"
EndProject
Global
	GlobalSection(SolutionConfigurationPlatforms) = preSolution
		Debug|Any CPU = Debug|Any CPU
		Release|Any CPU = Release|Any CPU
	EndGlobalSection
	GlobalSection(ProjectConfigurationPlatforms) = postSolution
		{FD4B7176-F87F-4512-BEF8-9806C5292722}.Debug|Any CPU.ActiveCfg = Debug|Any CPU
		{FD4B7176-F87F-4512-BEF8-9806C5292722}.Debug|Any CPU.Build.0 = Debug|Any CPU
		{FD4B7176-F87F-4512-BEF8-9806C5292722}.Release|Any CPU.ActiveCfg = Release|Any CPU
		{FD4B7176-F87F-4512-BEF8-9806C5292722}.Release|Any CPU.Build.0 = Release|Any CPU
	EndGlobalSection
	GlobalSection(SolutionProperties) = preSolution
		HideSolutionNode = FALSE
	EndGlobalSection
	GlobalSection(ExtensibilityGlobals) = postSolution
		SolutionGuid = {A378B4DD-3ED7-42CC-B0DF-A2C44DDCD249}
	EndGlobalSection
EndGlobal
